# This file is generated by running "yarn install" inside your project.
# Manual changes might be lost - proceed with caution!

__metadata:
  version: 6

"benchmarking-package@workspace:.":
  version: 0.0.0-use.local
  resolution: "benchmarking-package@workspace:."
  peerDependencies:
    react: "*"
    react-native: "*"
  languageName: unknown
  linkType: soft
